
Microsoft Visual Studio Solution File, Format Version 11.00
# Visual Studio 2010
Project("{FAE04EC0-301F-11D3-BF4B-00C04F79EFBC}") = "Demo", "DrugSupervise\Demo.csproj", "{60D9E28D-10BB-4739-A8A7-7F5653677349}"
EndProject
Project("{FAE04EC0-301F-11D3-BF4B-00C04F79EFBC}") = "Library", "Library\Library.csproj", "{1351D3A3-BC15-4A1D-9225-A977F28CCDFE}"
EndProject
Project("{FAE04EC0-301F-11D3-BF4B-00C04F79EFBC}") = "Test", "Test\Test.csproj", "{2CEBE570-6E43-4D7A-8E56-A220E7E3CDE9}"
EndProject
Global
	GlobalSection(SolutionConfigurationPlatforms) = preSolution
		Debug|x86 = Debug|x86
		Release|x86 = Release|x86
	EndGlobalSection
	GlobalSection(ProjectConfigurationPlatforms) = postSolution
		{60D9E28D-10BB-4739-A8A7-7F5653677349}.Debug|x86.ActiveCfg = Debug|x86
		{60D9E28D-10BB-4739-A8A7-7F5653677349}.Debug|x86.Build.0 = Debug|x86
		{60D9E28D-10BB-4739-A8A7-7F5653677349}.Release|x86.ActiveCfg = Release|x86
		{60D9E28D-10BB-4739-A8A7-7F5653677349}.Release|x86.Build.0 = Release|x86
		{1351D3A3-BC15-4A1D-9225-A977F28CCDFE}.Debug|x86.ActiveCfg = Debug|x86
		{1351D3A3-BC15-4A1D-9225-A977F28CCDFE}.Debug|x86.Build.0 = Debug|x86
		{1351D3A3-BC15-4A1D-9225-A977F28CCDFE}.Release|x86.ActiveCfg = Release|x86
		{1351D3A3-BC15-4A1D-9225-A977F28CCDFE}.Release|x86.Build.0 = Release|x86
		{2CEBE570-6E43-4D7A-8E56-A220E7E3CDE9}.Debug|x86.ActiveCfg = Debug|x86
		{2CEBE570-6E43-4D7A-8E56-A220E7E3CDE9}.Debug|x86.Build.0 = Debug|x86
		{2CEBE570-6E43-4D7A-8E56-A220E7E3CDE9}.Release|x86.ActiveCfg = Release|x86
		{2CEBE570-6E43-4D7A-8E56-A220E7E3CDE9}.Release|x86.Build.0 = Release|x86
	EndGlobalSection
	GlobalSection(SolutionProperties) = preSolution
		HideSolutionNode = FALSE
	EndGlobalSection
EndGlobal
